
Microsoft Visual Studio Solution File, Format Version 12.00
# Visual Studio Version 17
VisualStudioVersion = 17.8.34511.84
MinimumVisualStudioVersion = 10.0.40219.1
Project("{FAE04EC0-301F-11D3-BF4B-00C04F79EFBC}") = "SQLServerScriptExecute", "SQLServerScriptExecute\SQLServerScriptExecute.csproj", "{751BA585-38A1-41C9-B58E-5913EE388BA1}"
EndProject
Global
	GlobalSection(SolutionConfigurationPlatforms) = preSolution
		Debug|Any CPU = Debug|Any CPU
		Release|Any CPU = Release|Any CPU
	EndGlobalSection
	GlobalSection(ProjectConfigurationPlatforms) = postSolution
		{751BA585-38A1-41C9-B58E-5913EE388BA1}.Debug|Any CPU.ActiveCfg = Debug|Any CPU
		{751BA585-38A1-41C9-B58E-5913EE388BA1}.Debug|Any CPU.Build.0 = Debug|Any CPU
		{751BA585-38A1-41C9-B58E-5913EE388BA1}.Release|Any CPU.ActiveCfg = Release|Any CPU
		{751BA585-38A1-41C9-B58E-5913EE388BA1}.Release|Any CPU.Build.0 = Release|Any CPU
	EndGlobalSection
	GlobalSection(SolutionProperties) = preSolution
		HideSolutionNode = FALSE
	EndGlobalSection
	GlobalSection(ExtensibilityGlobals) = postSolution
		SolutionGuid = {10F14465-27E7-4E72-A4FF-0EDE1BD8D5D4}
	EndGlobalSection
EndGlobal
